
Microsoft Visual Studio Solution File, Format Version 12.00
# Visual Studio 15
VisualStudioVersion = 15.0.26403.7
MinimumVisualStudioVersion = 10.0.40219.1
Project("{FAE04EC0-301F-11D3-BF4B-00C04F79EFBC}") = "Euler", "Euler\Euler.csproj", "{2425F81C-0758-4A6E-B038-E8DDB10C15BF}"
EndProject
Project("{FAE04EC0-301F-11D3-BF4B-00C04F79EFBC}") = "Euler.Tests", "Euler.Tests\Euler.Tests.csproj", "{C8A4A683-BD3A-49B0-8505-86612DF1B08E}"
EndProject
Global
	GlobalSection(SolutionConfigurationPlatforms) = preSolution
		Debug|Any CPU = Debug|Any CPU
		Release|Any CPU = Release|Any CPU
	EndGlobalSection
	GlobalSection(ProjectConfigurationPlatforms) = postSolution
		{2425F81C-0758-4A6E-B038-E8DDB10C15BF}.Debug|Any CPU.ActiveCfg = Debug|Any CPU
		{2425F81C-0758-4A6E-B038-E8DDB10C15BF}.Debug|Any CPU.Build.0 = Debug|Any CPU
		{2425F81C-0758-4A6E-B038-E8DDB10C15BF}.Release|Any CPU.ActiveCfg = Release|Any CPU
		{2425F81C-0758-4A6E-B038-E8DDB10C15BF}.Release|Any CPU.Build.0 = Release|Any CPU
		{C8A4A683-BD3A-49B0-8505-86612DF1B08E}.Debug|Any CPU.ActiveCfg = Debug|Any CPU
		{C8A4A683-BD3A-49B0-8505-86612DF1B08E}.Debug|Any CPU.Build.0 = Debug|Any CPU
		{C8A4A683-BD3A-49B0-8505-86612DF1B08E}.Release|Any CPU.ActiveCfg = Release|Any CPU
		{C8A4A683-BD3A-49B0-8505-86612DF1B08E}.Release|Any CPU.Build.0 = Release|Any CPU
	EndGlobalSection
	GlobalSection(SolutionProperties) = preSolution
		HideSolutionNode = FALSE
	EndGlobalSection
EndGlobal
